// !$*UTF8*$!
{
	archiveVersion = 1;
	classes = {
	};
	objectVersion = 44;
	objects = {

/* Begin PBXBuildFile section */
		8D5B49B0048680CD000E48DA /* InfoPlist.strings in Resources */ = {isa = PBXBuildFile; fileRef = 089C167DFE841241C02AAC07 /* InfoPlist.strings */; };
		8D5B49B4048680CD000E48DA /* Cocoa.framework in Frameworks */ = {isa = PBXBuildFile; fileRef = 1058C7ADFEA557BF11CA2CBB /* Cocoa.framework */; };
		C932409712867EDF008260D7 /* GetCollectionListRequest.m in Sources */ = {isa = PBXBuildFile; fileRef = C932409612867EDF008260D7 /* GetCollectionListRequest.m */; };
		C9416D5C1324361100E0E8FF /* libcrypto.dylib in Frameworks */ = {isa = PBXBuildFile; fileRef = C9416D5B1324361100E0E8FF /* libcrypto.dylib */; };
		C9416E25132462CD00E0E8FF /* PreformattedMessage.m in Sources */ = {isa = PBXBuildFile; fileRef = C9416E24132462CD00E0E8FF /* PreformattedMessage.m */; };
		C9416F0213247B6700E0E8FF /* NSFileManager+Utilities.m in Sources */ = {isa = PBXBuildFile; fileRef = C9416F0113247B6700E0E8FF /* NSFileManager+Utilities.m */; };
		C941708C1324CE3B00E0E8FF /* ConcatenatingInputStream.m in Sources */ = {isa = PBXBuildFile; fileRef = C941708B1324CE3B00E0E8FF /* ConcatenatingInputStream.m */; };
		C95263EC127BFB9A00391FA0 /* QuickTime.framework in Frameworks */ = {isa = PBXBuildFile; fileRef = C95263EB127BFB9A00391FA0 /* QuickTime.framework */; };
		C956149812878D450047F087 /* NSString+Digest.m in Sources */ = {isa = PBXBuildFile; fileRef = C956149712878D450047F087 /* NSString+Digest.m */; };
		C972F4FA12874B6E00F15D7D /* KeychainUtils.m in Sources */ = {isa = PBXBuildFile; fileRef = C972F4F912874B6E00F15D7D /* KeychainUtils.m */; };
		C972F52012874FD800F15D7D /* Security.framework in Frameworks */ = {isa = PBXBuildFile; fileRef = C972F51F12874FD800F15D7D /* Security.framework */; };
		C9A624C40D8EF04500418EEB /* CollectionExport.m in Sources */ = {isa = PBXBuildFile; fileRef = C9A624C30D8EF04500418EEB /* CollectionExport.m */; };
		C9A72B330CF8D8490019950D /* MatteExportPluginBox.m in Sources */ = {isa = PBXBuildFile; fileRef = C9A72B320CF8D8490019950D /* MatteExportPluginBox.m */; };
		C9A72B360CF8D86A0019950D /* MatteExportController.m in Sources */ = {isa = PBXBuildFile; fileRef = C9A72B350CF8D86A0019950D /* MatteExportController.m */; };
		C9A72B5A0CF8DD060019950D /* Panel.nib in Resources */ = {isa = PBXBuildFile; fileRef = C9A72B580CF8DD060019950D /* Panel.nib */; };
		C9B39AEB127E027C00044A13 /* MatteExportContext.m in Sources */ = {isa = PBXBuildFile; fileRef = C9B39AEA127E027C00044A13 /* MatteExportContext.m */; };
		C9B39E6F127E620200044A13 /* README.pages in Resources */ = {isa = PBXBuildFile; fileRef = C9B39E6E127E620200044A13 /* README.pages */; };
		C9E285DD127AAD230082FC48 /* QTKit.framework in Frameworks */ = {isa = PBXBuildFile; fileRef = C9E285DC127AAD230082FC48 /* QTKit.framework */; };
		C9F253E11283D8F40071BA83 /* SoapMessage.m in Sources */ = {isa = PBXBuildFile; fileRef = C9F253E01283D8F40071BA83 /* SoapMessage.m */; };
		C9F254341283E8750071BA83 /* AddMediaRequest.m in Sources */ = {isa = PBXBuildFile; fileRef = C9F254331283E8750071BA83 /* AddMediaRequest.m */; };
		C9F254881283F1580071BA83 /* SoapURLConnection.m in Sources */ = {isa = PBXBuildFile; fileRef = C9F254871283F1580071BA83 /* SoapURLConnection.m */; };
		C9F64C9B127B9AA100D8EE9D /* ioapi.c in Sources */ = {isa = PBXBuildFile; fileRef = C9F64C90127B9AA100D8EE9D /* ioapi.c */; };
		C9F64C9C127B9AA100D8EE9D /* mztools.c in Sources */ = {isa = PBXBuildFile; fileRef = C9F64C92127B9AA100D8EE9D /* mztools.c */; };
		C9F64C9D127B9AA100D8EE9D /* unzip.c in Sources */ = {isa = PBXBuildFile; fileRef = C9F64C94127B9AA100D8EE9D /* unzip.c */; };
		C9F64C9E127B9AA100D8EE9D /* zip.c in Sources */ = {isa = PBXBuildFile; fileRef = C9F64C97127B9AA100D8EE9D /* zip.c */; };
		C9F64C9F127B9AA100D8EE9D /* ZipArchive.mm in Sources */ = {isa = PBXBuildFile; fileRef = C9F64C9A127B9AA100D8EE9D /* ZipArchive.mm */; };
		C9F64CAC127B9B1A00D8EE9D /* libz.dylib in Frameworks */ = {isa = PBXBuildFile; fileRef = C9F64CAB127B9B1A00D8EE9D /* libz.dylib */; };
		C9F64CEC127B9F2D00D8EE9D /* MatteExportSettings.m in Sources */ = {isa = PBXBuildFile; fileRef = C9F64CEB127B9F2D00D8EE9D /* MatteExportSettings.m */; };
		C9FD417E0D8CB785002CB43D /* MatteSoapBinding.nsmap in Resources */ = {isa = PBXBuildFile; fileRef = C99974D50D135D280086DF84 /* MatteSoapBinding.nsmap */; };
/* End PBXBuildFile section */

/* Begin PBXFileReference section */
		089C1672FE841209C02AAC07 /* Foundation.framework */ = {isa = PBXFileReference; lastKnownFileType = wrapper.framework; name = Foundation.framework; path = /System/Library/Frameworks/Foundation.framework; sourceTree = "<absolute>"; };
		089C167EFE841241C02AAC07 /* InfoPlist.strings */ = {isa = PBXFileReference; fileEncoding = 10; lastKnownFileType = text.plist.strings; name = InfoPlist.strings; path = Resources/English.lproj/InfoPlist.strings; sourceTree = SOURCE_ROOT; };
		089C167FFE841241C02AAC07 /* AppKit.framework */ = {isa = PBXFileReference; lastKnownFileType = wrapper.framework; name = AppKit.framework; path = /System/Library/Frameworks/AppKit.framework; sourceTree = "<absolute>"; };
		1058C7ADFEA557BF11CA2CBB /* Cocoa.framework */ = {isa = PBXFileReference; lastKnownFileType = wrapper.framework; name = Cocoa.framework; path = /System/Library/Frameworks/Cocoa.framework; sourceTree = "<absolute>"; };
		32DBCF630370AF2F00C91783 /* MatteiPhotoExport_Prefix.pch */ = {isa = PBXFileReference; fileEncoding = 4; lastKnownFileType = sourcecode.c.h; path = MatteiPhotoExport_Prefix.pch; sourceTree = "<group>"; };
		8D5B49B6048680CD000E48DA /* MatteiPhotoExport.iPhotoExporter */ = {isa = PBXFileReference; explicitFileType = wrapper.cfbundle; includeInIndex = 0; path = MatteiPhotoExport.iPhotoExporter; sourceTree = BUILT_PRODUCTS_DIR; };
		8D5B49B7048680CD000E48DA /* Info.plist */ = {isa = PBXFileReference; fileEncoding = 4; lastKnownFileType = text.plist.xml; path = Info.plist; sourceTree = "<group>"; };
		C90CA1790D1496E300224FBC /* soapC.c */ = {isa = PBXFileReference; fileEncoding = 4; lastKnownFileType = sourcecode.c.c; name = soapC.c; path = Source/gsoap/soapC.c; sourceTree = "<group>"; };
		C90CA17A0D1496E300224FBC /* soapClient.c */ = {isa = PBXFileReference; fileEncoding = 4; lastKnownFileType = sourcecode.c.c; name = soapClient.c; path = Source/gsoap/soapClient.c; sourceTree = "<group>"; };
		C90CA17C0D1496E300224FBC /* soapH.h */ = {isa = PBXFileReference; fileEncoding = 4; lastKnownFileType = sourcecode.c.h; name = soapH.h; path = Source/gsoap/soapH.h; sourceTree = "<group>"; };
		C90CA1B30D149DD100224FBC /* threads.c */ = {isa = PBXFileReference; fileEncoding = 4; lastKnownFileType = sourcecode.c.c; path = threads.c; sourceTree = "<group>"; };
		C90CA1B40D149DD100224FBC /* threads.h */ = {isa = PBXFileReference; fileEncoding = 4; lastKnownFileType = sourcecode.c.h; path = threads.h; sourceTree = "<group>"; };
		C932409512867EDF008260D7 /* GetCollectionListRequest.h */ = {isa = PBXFileReference; fileEncoding = 4; lastKnownFileType = sourcecode.c.h; path = GetCollectionListRequest.h; sourceTree = "<group>"; };
		C932409612867EDF008260D7 /* GetCollectionListRequest.m */ = {isa = PBXFileReference; fileEncoding = 4; lastKnownFileType = sourcecode.c.objc; path = GetCollectionListRequest.m; sourceTree = "<group>"; };
		C9416D5B1324361100E0E8FF /* libcrypto.dylib */ = {isa = PBXFileReference; lastKnownFileType = "compiled.mach-o.dylib"; name = libcrypto.dylib; path = usr/lib/libcrypto.dylib; sourceTree = SDKROOT; };
		C9416E23132462CD00E0E8FF /* PreformattedMessage.h */ = {isa = PBXFileReference; fileEncoding = 4; lastKnownFileType = sourcecode.c.h; path = PreformattedMessage.h; sourceTree = "<group>"; };
		C9416E24132462CD00E0E8FF /* PreformattedMessage.m */ = {isa = PBXFileReference; fileEncoding = 4; lastKnownFileType = sourcecode.c.objc; path = PreformattedMessage.m; sourceTree = "<group>"; };
		C9416F0013247B6700E0E8FF /* NSFileManager+Utilities.h */ = {isa = PBXFileReference; fileEncoding = 4; lastKnownFileType = sourcecode.c.h; path = "NSFileManager+Utilities.h"; sourceTree = "<group>"; };
		C9416F0113247B6700E0E8FF /* NSFileManager+Utilities.m */ = {isa = PBXFileReference; fileEncoding = 4; lastKnownFileType = sourcecode.c.objc; path = "NSFileManager+Utilities.m"; sourceTree = "<group>"; };
		C941708A1324CE3B00E0E8FF /* ConcatenatingInputStream.h */ = {isa = PBXFileReference; fileEncoding = 4; lastKnownFileType = sourcecode.c.h; path = ConcatenatingInputStream.h; sourceTree = "<group>"; };
		C941708B1324CE3B00E0E8FF /* ConcatenatingInputStream.m */ = {isa = PBXFileReference; fileEncoding = 4; lastKnownFileType = sourcecode.c.objc; path = ConcatenatingInputStream.m; sourceTree = "<group>"; };
		C95263EB127BFB9A00391FA0 /* QuickTime.framework */ = {isa = PBXFileReference; lastKnownFileType = wrapper.framework; name = QuickTime.framework; path = System/Library/Frameworks/QuickTime.framework; sourceTree = SDKROOT; };
		C956149612878D450047F087 /* NSString+Digest.h */ = {isa = PBXFileReference; fileEncoding = 4; lastKnownFileType = sourcecode.c.h; path = "NSString+Digest.h"; sourceTree = "<group>"; };
		C956149712878D450047F087 /* NSString+Digest.m */ = {isa = PBXFileReference; fileEncoding = 4; lastKnownFileType = sourcecode.c.objc; path = "NSString+Digest.m"; sourceTree = "<group>"; };
		C972F4F812874B6E00F15D7D /* KeychainUtils.h */ = {isa = PBXFileReference; fileEncoding = 4; lastKnownFileType = sourcecode.c.h; path = KeychainUtils.h; sourceTree = "<group>"; };
		C972F4F912874B6E00F15D7D /* KeychainUtils.m */ = {isa = PBXFileReference; fileEncoding = 4; lastKnownFileType = sourcecode.c.objc; path = KeychainUtils.m; sourceTree = "<group>"; };
		C972F51F12874FD800F15D7D /* Security.framework */ = {isa = PBXFileReference; lastKnownFileType = wrapper.framework; name = Security.framework; path = System/Library/Frameworks/Security.framework; sourceTree = SDKROOT; };
		C99974650D135A900086DF84 /* MatteService.h */ = {isa = PBXFileReference; fileEncoding = 4; lastKnownFileType = sourcecode.c.h; name = MatteService.h; path = Source/gsoap/MatteService.h; sourceTree = "<group>"; };
		C99974710D135CD30086DF84 /* dom.c */ = {isa = PBXFileReference; fileEncoding = 4; lastKnownFileType = sourcecode.c.c; path = dom.c; sourceTree = "<group>"; };
		C99974730D135CD30086DF84 /* c14n.h */ = {isa = PBXFileReference; fileEncoding = 4; lastKnownFileType = sourcecode.c.h; path = c14n.h; sourceTree = "<group>"; };
		C99974740D135CD30086DF84 /* dom.h */ = {isa = PBXFileReference; fileEncoding = 4; lastKnownFileType = sourcecode.c.h; path = dom.h; sourceTree = "<group>"; };
		C99974750D135CD30086DF84 /* ds.h */ = {isa = PBXFileReference; fileEncoding = 4; lastKnownFileType = sourcecode.c.h; path = ds.h; sourceTree = "<group>"; };
		C99974760D135CD30086DF84 /* ds2.h */ = {isa = PBXFileReference; fileEncoding = 4; lastKnownFileType = sourcecode.c.h; path = ds2.h; sourceTree = "<group>"; };
		C99974770D135CD30086DF84 /* README.txt */ = {isa = PBXFileReference; fileEncoding = 4; lastKnownFileType = text; path = README.txt; sourceTree = "<group>"; };
		C99974780D135CD30086DF84 /* soap12.h */ = {isa = PBXFileReference; fileEncoding = 4; lastKnownFileType = sourcecode.c.h; path = soap12.h; sourceTree = "<group>"; };
		C99974790D135CD30086DF84 /* stl.h */ = {isa = PBXFileReference; fileEncoding = 4; lastKnownFileType = sourcecode.c.h; path = stl.h; sourceTree = "<group>"; };
		C999747A0D135CD30086DF84 /* stldeque.h */ = {isa = PBXFileReference; fileEncoding = 4; lastKnownFileType = sourcecode.c.h; path = stldeque.h; sourceTree = "<group>"; };
		C999747B0D135CD30086DF84 /* stllist.h */ = {isa = PBXFileReference; fileEncoding = 4; lastKnownFileType = sourcecode.c.h; path = stllist.h; sourceTree = "<group>"; };
		C999747C0D135CD30086DF84 /* stlset.h */ = {isa = PBXFileReference; fileEncoding = 4; lastKnownFileType = sourcecode.c.h; path = stlset.h; sourceTree = "<group>"; };
		C999747D0D135CD30086DF84 /* stlvector.h */ = {isa = PBXFileReference; fileEncoding = 4; lastKnownFileType = sourcecode.c.h; path = stlvector.h; sourceTree = "<group>"; };
		C99974800D135CD30086DF84 /* WS-Header.h */ = {isa = PBXFileReference; fileEncoding = 4; lastKnownFileType = sourcecode.c.h; path = "WS-Header.h"; sourceTree = "<group>"; };
		C99974810D135CD30086DF84 /* wsa.h */ = {isa = PBXFileReference; fileEncoding = 4; lastKnownFileType = sourcecode.c.h; path = wsa.h; sourceTree = "<group>"; };
		C99974820D135CD30086DF84 /* wsa3.h */ = {isa = PBXFileReference; fileEncoding = 4; lastKnownFileType = sourcecode.c.h; path = wsa3.h; sourceTree = "<group>"; };
		C99974830D135CD30086DF84 /* wsa4.h */ = {isa = PBXFileReference; fileEncoding = 4; lastKnownFileType = sourcecode.c.h; path = wsa4.h; sourceTree = "<group>"; };
		C99974840D135CD30086DF84 /* wsa5.h */ = {isa = PBXFileReference; fileEncoding = 4; lastKnownFileType = sourcecode.c.h; path = wsa5.h; sourceTree = "<group>"; };
		C99974850D135CD30086DF84 /* wsp.h */ = {isa = PBXFileReference; fileEncoding = 4; lastKnownFileType = sourcecode.c.h; path = wsp.h; sourceTree = "<group>"; };
		C99974860D135CD30086DF84 /* wsrp.h */ = {isa = PBXFileReference; fileEncoding = 4; lastKnownFileType = sourcecode.c.h; path = wsrp.h; sourceTree = "<group>"; };
		C99974870D135CD30086DF84 /* wsse.h */ = {isa = PBXFileReference; fileEncoding = 4; lastKnownFileType = sourcecode.c.h; path = wsse.h; sourceTree = "<group>"; };
		C99974880D135CD30086DF84 /* wsse2.h */ = {isa = PBXFileReference; fileEncoding = 4; lastKnownFileType = sourcecode.c.h; path = wsse2.h; sourceTree = "<group>"; };
		C99974890D135CD30086DF84 /* wsu.h */ = {isa = PBXFileReference; fileEncoding = 4; lastKnownFileType = sourcecode.c.h; path = wsu.h; sourceTree = "<group>"; };
		C999748A0D135CD30086DF84 /* xlink.h */ = {isa = PBXFileReference; fileEncoding = 4; lastKnownFileType = sourcecode.c.h; path = xlink.h; sourceTree = "<group>"; };
		C999748B0D135CD30086DF84 /* xmime.h */ = {isa = PBXFileReference; fileEncoding = 4; lastKnownFileType = sourcecode.c.h; path = xmime.h; sourceTree = "<group>"; };
		C999748C0D135CD30086DF84 /* xmime4.h */ = {isa = PBXFileReference; fileEncoding = 4; lastKnownFileType = sourcecode.c.h; path = xmime4.h; sourceTree = "<group>"; };
		C999748D0D135CD30086DF84 /* xmime5.h */ = {isa = PBXFileReference; fileEncoding = 4; lastKnownFileType = sourcecode.c.h; path = xmime5.h; sourceTree = "<group>"; };
		C999748E0D135CD30086DF84 /* xml.h */ = {isa = PBXFileReference; fileEncoding = 4; lastKnownFileType = sourcecode.c.h; path = xml.h; sourceTree = "<group>"; };
		C999748F0D135CD30086DF84 /* xmlmime.h */ = {isa = PBXFileReference; fileEncoding = 4; lastKnownFileType = sourcecode.c.h; path = xmlmime.h; sourceTree = "<group>"; };
		C99974900D135CD30086DF84 /* xmlmime5.h */ = {isa = PBXFileReference; fileEncoding = 4; lastKnownFileType = sourcecode.c.h; path = xmlmime5.h; sourceTree = "<group>"; };
		C99974910D135CD30086DF84 /* xop.h */ = {isa = PBXFileReference; fileEncoding = 4; lastKnownFileType = sourcecode.c.h; path = xop.h; sourceTree = "<group>"; };
		C99974930D135CD30086DF84 /* cacerts.c */ = {isa = PBXFileReference; fileEncoding = 4; lastKnownFileType = sourcecode.c.c; path = cacerts.c; sourceTree = "<group>"; };
		C99974940D135CD30086DF84 /* cacerts.h */ = {isa = PBXFileReference; fileEncoding = 4; lastKnownFileType = sourcecode.c.h; path = cacerts.h; sourceTree = "<group>"; };
		C99974950D135CD30086DF84 /* httpda.c */ = {isa = PBXFileReference; fileEncoding = 4; lastKnownFileType = sourcecode.c.c; path = httpda.c; sourceTree = "<group>"; };
		C99974960D135CD30086DF84 /* httpda.h */ = {isa = PBXFileReference; fileEncoding = 4; lastKnownFileType = sourcecode.c.h; path = httpda.h; sourceTree = "<group>"; };
		C99974990D135CD30086DF84 /* httpform.c */ = {isa = PBXFileReference; fileEncoding = 4; lastKnownFileType = sourcecode.c.c; path = httpform.c; sourceTree = "<group>"; };
		C999749A0D135CD30086DF84 /* httpform.h */ = {isa = PBXFileReference; fileEncoding = 4; lastKnownFileType = sourcecode.c.h; path = httpform.h; sourceTree = "<group>"; };
		C999749B0D135CD30086DF84 /* httpget.c */ = {isa = PBXFileReference; fileEncoding = 4; lastKnownFileType = sourcecode.c.c; path = httpget.c; sourceTree = "<group>"; };
		C999749C0D135CD30086DF84 /* httpget.h */ = {isa = PBXFileReference; fileEncoding = 4; lastKnownFileType = sourcecode.c.h; path = httpget.h; sourceTree = "<group>"; };
		C999749D0D135CD30086DF84 /* httpgettest.c */ = {isa = PBXFileReference; fileEncoding = 4; lastKnownFileType = sourcecode.c.c; path = httpgettest.c; sourceTree = "<group>"; };
		C999749E0D135CD30086DF84 /* httpgettest.h */ = {isa = PBXFileReference; fileEncoding = 4; lastKnownFileType = sourcecode.c.h; path = httpgettest.h; sourceTree = "<group>"; };
		C999749F0D135CD30086DF84 /* httpmd5.c */ = {isa = PBXFileReference; fileEncoding = 4; lastKnownFileType = sourcecode.c.c; path = httpmd5.c; sourceTree = "<group>"; };
		C99974A00D135CD30086DF84 /* httpmd5.h */ = {isa = PBXFileReference; fileEncoding = 4; lastKnownFileType = sourcecode.c.h; path = httpmd5.h; sourceTree = "<group>"; };
		C99974A30D135CD30086DF84 /* httppost.c */ = {isa = PBXFileReference; fileEncoding = 4; lastKnownFileType = sourcecode.c.c; path = httppost.c; sourceTree = "<group>"; };
		C99974A40D135CD30086DF84 /* httppost.h */ = {isa = PBXFileReference; fileEncoding = 4; lastKnownFileType = sourcecode.c.h; path = httppost.h; sourceTree = "<group>"; };
		C99974A50D135CD30086DF84 /* logging.c */ = {isa = PBXFileReference; fileEncoding = 4; lastKnownFileType = sourcecode.c.c; path = logging.c; sourceTree = "<group>"; };
		C99974A60D135CD30086DF84 /* logging.h */ = {isa = PBXFileReference; fileEncoding = 4; lastKnownFileType = sourcecode.c.h; path = logging.h; sourceTree = "<group>"; };
		C99974A70D135CD30086DF84 /* md5evp.c */ = {isa = PBXFileReference; fileEncoding = 4; lastKnownFileType = sourcecode.c.c; path = md5evp.c; sourceTree = "<group>"; };
		C99974A80D135CD30086DF84 /* md5evp.h */ = {isa = PBXFileReference; fileEncoding = 4; lastKnownFileType = sourcecode.c.h; path = md5evp.h; sourceTree = "<group>"; };
		C99974AB0D135CD30086DF84 /* README.txt */ = {isa = PBXFileReference; fileEncoding = 4; lastKnownFileType = text; path = README.txt; sourceTree = "<group>"; };
		C99974AC0D135CD30086DF84 /* smdevp.c */ = {isa = PBXFileReference; fileEncoding = 4; lastKnownFileType = sourcecode.c.c; path = smdevp.c; sourceTree = "<group>"; };
		C99974AD0D135CD30086DF84 /* smdevp.h */ = {isa = PBXFileReference; fileEncoding = 4; lastKnownFileType = sourcecode.c.h; path = smdevp.h; sourceTree = "<group>"; };
		C99974B40D135CD30086DF84 /* wsseapi.c */ = {isa = PBXFileReference; fileEncoding = 4; lastKnownFileType = sourcecode.c.c; path = wsseapi.c; sourceTree = "<group>"; };
		C99974B50D135CD30086DF84 /* wsseapi.h */ = {isa = PBXFileReference; fileEncoding = 4; lastKnownFileType = sourcecode.c.h; path = wsseapi.h; sourceTree = "<group>"; };
		C99974B60D135CD30086DF84 /* stdsoap2.c */ = {isa = PBXFileReference; fileEncoding = 4; lastKnownFileType = sourcecode.c.c; path = stdsoap2.c; sourceTree = "<group>"; };
		C99974B70D135CD30086DF84 /* stdsoap2.h */ = {isa = PBXFileReference; fileEncoding = 4; lastKnownFileType = sourcecode.c.h; path = stdsoap2.h; sourceTree = "<group>"; };
		C99974CF0D135D280086DF84 /* core.xsd */ = {isa = PBXFileReference; fileEncoding = 4; lastKnownFileType = text.xml; name = core.xsd; path = Source/gsoap/core.xsd; sourceTree = "<group>"; };
		C99974D00D135D280086DF84 /* domain.xsd */ = {isa = PBXFileReference; fileEncoding = 4; lastKnownFileType = text.xml; name = domain.xsd; path = Source/gsoap/domain.xsd; sourceTree = "<group>"; };
		C99974D10D135D280086DF84 /* import.xsd */ = {isa = PBXFileReference; fileEncoding = 4; lastKnownFileType = text.xml; name = import.xsd; path = Source/gsoap/import.xsd; sourceTree = "<group>"; };
		C99974D20D135D280086DF84 /* Makefile */ = {isa = PBXFileReference; fileEncoding = 4; lastKnownFileType = sourcecode.make; name = Makefile; path = Source/gsoap/Makefile; sourceTree = "<group>"; };
		C99974D30D135D280086DF84 /* matte.wsdl */ = {isa = PBXFileReference; fileEncoding = 4; lastKnownFileType = text.xml; name = matte.wsdl; path = Source/gsoap/matte.wsdl; sourceTree = "<group>"; };
		C99974D40D135D280086DF84 /* MatteService.c */ = {isa = PBXFileReference; fileEncoding = 4; lastKnownFileType = sourcecode.c.c; name = MatteService.c; path = Source/gsoap/MatteService.c; sourceTree = "<group>"; };
		C99974D50D135D280086DF84 /* MatteSoapBinding.nsmap */ = {isa = PBXFileReference; fileEncoding = 4; lastKnownFileType = text; name = MatteSoapBinding.nsmap; path = Source/gsoap/MatteSoapBinding.nsmap; sourceTree = "<group>"; };
		C99974D60D135D280086DF84 /* soapMatteSoapBindingService.h */ = {isa = PBXFileReference; fileEncoding = 4; lastKnownFileType = sourcecode.c.h; name = soapMatteSoapBindingService.h; path = Source/gsoap/soapMatteSoapBindingService.h; sourceTree = "<group>"; };
		C99974D70D135D280086DF84 /* typemap.dat */ = {isa = PBXFileReference; fileEncoding = 4; lastKnownFileType = text; name = typemap.dat; path = Source/gsoap/typemap.dat; sourceTree = "<group>"; };
		C99974D80D135D280086DF84 /* ui.xsd */ = {isa = PBXFileReference; fileEncoding = 4; lastKnownFileType = text.xml; name = ui.xsd; path = Source/gsoap/ui.xsd; sourceTree = "<group>"; };
		C99974D90D135D280086DF84 /* ws.xsd */ = {isa = PBXFileReference; fileEncoding = 4; lastKnownFileType = text.xml; name = ws.xsd; path = Source/gsoap/ws.xsd; sourceTree = "<group>"; };
		C9A624C20D8EF04500418EEB /* CollectionExport.h */ = {isa = PBXFileReference; fileEncoding = 4; lastKnownFileType = sourcecode.c.h; name = CollectionExport.h; path = Source/CollectionExport.h; sourceTree = "<group>"; };
		C9A624C30D8EF04500418EEB /* CollectionExport.m */ = {isa = PBXFileReference; fileEncoding = 4; lastKnownFileType = sourcecode.c.objc; name = CollectionExport.m; path = Source/CollectionExport.m; sourceTree = "<group>"; };
		C9A72B310CF8D8490019950D /* MatteExportPluginBox.h */ = {isa = PBXFileReference; fileEncoding = 4; lastKnownFileType = sourcecode.c.h; name = MatteExportPluginBox.h; path = Source/MatteExportPluginBox.h; sourceTree = "<group>"; };
		C9A72B320CF8D8490019950D /* MatteExportPluginBox.m */ = {isa = PBXFileReference; fileEncoding = 4; lastKnownFileType = sourcecode.c.objc; name = MatteExportPluginBox.m; path = Source/MatteExportPluginBox.m; sourceTree = "<group>"; };
		C9A72B340CF8D86A0019950D /* MatteExportController.h */ = {isa = PBXFileReference; fileEncoding = 4; lastKnownFileType = sourcecode.c.h; name = MatteExportController.h; path = Source/MatteExportController.h; sourceTree = "<group>"; };
		C9A72B350CF8D86A0019950D /* MatteExportController.m */ = {isa = PBXFileReference; fileEncoding = 4; lastKnownFileType = sourcecode.c.objc; name = MatteExportController.m; path = Source/MatteExportController.m; sourceTree = "<group>"; };
		C9A72B3C0CF8D8E00019950D /* ExportImageProtocol.h */ = {isa = PBXFileReference; fileEncoding = 4; lastKnownFileType = sourcecode.c.h; name = ExportImageProtocol.h; path = Interface/ExportImageProtocol.h; sourceTree = "<group>"; };
		C9A72B3D0CF8D8E00019950D /* ExportPluginBoxProtocol.h */ = {isa = PBXFileReference; fileEncoding = 4; lastKnownFileType = sourcecode.c.h; name = ExportPluginBoxProtocol.h; path = Interface/ExportPluginBoxProtocol.h; sourceTree = "<group>"; };
		C9A72B3E0CF8D8E00019950D /* ExportPluginProtocol.h */ = {isa = PBXFileReference; fileEncoding = 4; lastKnownFileType = sourcecode.c.h; name = ExportPluginProtocol.h; path = Interface/ExportPluginProtocol.h; sourceTree = "<group>"; };
		C9A72B590CF8DD060019950D /* English */ = {isa = PBXFileReference; lastKnownFileType = wrapper.nib; name = English; path = Resources/English.lproj/Panel.nib; sourceTree = "<group>"; };
		C9B39AE9127E027C00044A13 /* MatteExportContext.h */ = {isa = PBXFileReference; fileEncoding = 4; lastKnownFileType = sourcecode.c.h; path = MatteExportContext.h; sourceTree = "<group>"; };
		C9B39AEA127E027C00044A13 /* MatteExportContext.m */ = {isa = PBXFileReference; fileEncoding = 4; lastKnownFileType = sourcecode.c.objc; path = MatteExportContext.m; sourceTree = "<group>"; };
		C9B39DBD127E272F00044A13 /* Constants.h */ = {isa = PBXFileReference; fileEncoding = 4; lastKnownFileType = sourcecode.c.h; path = Constants.h; sourceTree = "<group>"; };
		C9B39E6E127E620200044A13 /* README.pages */ = {isa = PBXFileReference; lastKnownFileType = file; name = README.pages; path = Docs/README.pages; sourceTree = "<group>"; };
		C9E285DC127AAD230082FC48 /* QTKit.framework */ = {isa = PBXFileReference; lastKnownFileType = wrapper.framework; name = QTKit.framework; path = System/Library/Frameworks/QTKit.framework; sourceTree = SDKROOT; };
		C9F253DF1283D8F40071BA83 /* SoapMessage.h */ = {isa = PBXFileReference; fileEncoding = 4; lastKnownFileType = sourcecode.c.h; path = SoapMessage.h; sourceTree = "<group>"; };
		C9F253E01283D8F40071BA83 /* SoapMessage.m */ = {isa = PBXFileReference; fileEncoding = 4; lastKnownFileType = sourcecode.c.objc; path = SoapMessage.m; sourceTree = "<group>"; };
		C9F254321283E8750071BA83 /* AddMediaRequest.h */ = {isa = PBXFileReference; fileEncoding = 4; lastKnownFileType = sourcecode.c.h; path = AddMediaRequest.h; sourceTree = "<group>"; };
		C9F254331283E8750071BA83 /* AddMediaRequest.m */ = {isa = PBXFileReference; fileEncoding = 4; lastKnownFileType = sourcecode.c.objc; path = AddMediaRequest.m; sourceTree = "<group>"; };
		C9F254861283F1580071BA83 /* SoapURLConnection.h */ = {isa = PBXFileReference; fileEncoding = 4; lastKnownFileType = sourcecode.c.h; path = SoapURLConnection.h; sourceTree = "<group>"; };
		C9F254871283F1580071BA83 /* SoapURLConnection.m */ = {isa = PBXFileReference; fileEncoding = 4; lastKnownFileType = sourcecode.c.objc; path = SoapURLConnection.m; sourceTree = "<group>"; };
		C9F64C8F127B9AA100D8EE9D /* crypt.h */ = {isa = PBXFileReference; fileEncoding = 4; lastKnownFileType = sourcecode.c.h; path = crypt.h; sourceTree = "<group>"; };
		C9F64C90127B9AA100D8EE9D /* ioapi.c */ = {isa = PBXFileReference; fileEncoding = 4; lastKnownFileType = sourcecode.c.c; path = ioapi.c; sourceTree = "<group>"; };
		C9F64C91127B9AA100D8EE9D /* ioapi.h */ = {isa = PBXFileReference; fileEncoding = 4; lastKnownFileType = sourcecode.c.h; path = ioapi.h; sourceTree = "<group>"; };
		C9F64C92127B9AA100D8EE9D /* mztools.c */ = {isa = PBXFileReference; fileEncoding = 4; lastKnownFileType = sourcecode.c.c; path = mztools.c; sourceTree = "<group>"; };
		C9F64C93127B9AA100D8EE9D /* mztools.h */ = {isa = PBXFileReference; fileEncoding = 4; lastKnownFileType = sourcecode.c.h; path = mztools.h; sourceTree = "<group>"; };
		C9F64C94127B9AA100D8EE9D /* unzip.c */ = {isa = PBXFileReference; fileEncoding = 4; lastKnownFileType = sourcecode.c.c; path = unzip.c; sourceTree = "<group>"; };
		C9F64C95127B9AA100D8EE9D /* unzip.h */ = {isa = PBXFileReference; fileEncoding = 4; lastKnownFileType = sourcecode.c.h; path = unzip.h; sourceTree = "<group>"; };
		C9F64C96127B9AA100D8EE9D /* zconf.h */ = {isa = PBXFileReference; fileEncoding = 4; lastKnownFileType = sourcecode.c.h; path = zconf.h; sourceTree = "<group>"; };
		C9F64C97127B9AA100D8EE9D /* zip.c */ = {isa = PBXFileReference; fileEncoding = 4; lastKnownFileType = sourcecode.c.c; path = zip.c; sourceTree = "<group>"; };
		C9F64C98127B9AA100D8EE9D /* zip.h */ = {isa = PBXFileReference; fileEncoding = 4; lastKnownFileType = sourcecode.c.h; path = zip.h; sourceTree = "<group>"; };
		C9F64C99127B9AA100D8EE9D /* ZipArchive.h */ = {isa = PBXFileReference; fileEncoding = 4; lastKnownFileType = sourcecode.c.h; path = ZipArchive.h; sourceTree = "<group>"; };
		C9F64C9A127B9AA100D8EE9D /* ZipArchive.mm */ = {isa = PBXFileReference; fileEncoding = 4; lastKnownFileType = sourcecode.cpp.objcpp; path = ZipArchive.mm; sourceTree = "<group>"; };
		C9F64CAB127B9B1A00D8EE9D /* libz.dylib */ = {isa = PBXFileReference; lastKnownFileType = "compiled.mach-o.dylib"; name = libz.dylib; path = usr/lib/libz.dylib; sourceTree = SDKROOT; };
		C9F64CEA127B9F2D00D8EE9D /* MatteExportSettings.h */ = {isa = PBXFileReference; fileEncoding = 4; lastKnownFileType = sourcecode.c.h; name = MatteExportSettings.h; path = Source/MatteExportSettings.h; sourceTree = "<group>"; };
		C9F64CEB127B9F2D00D8EE9D /* MatteExportSettings.m */ = {isa = PBXFileReference; fileEncoding = 4; lastKnownFileType = sourcecode.c.objc; name = MatteExportSettings.m; path = Source/MatteExportSettings.m; sourceTree = "<group>"; };
		D2F7E65807B2D6F200F64583 /* CoreData.framework */ = {isa = PBXFileReference; lastKnownFileType = wrapper.framework; name = CoreData.framework; path = /System/Library/Frameworks/CoreData.framework; sourceTree = "<absolute>"; };
/* End PBXFileReference section */

/* Begin PBXFrameworksBuildPhase section */
		8D5B49B3048680CD000E48DA /* Frameworks */ = {
			isa = PBXFrameworksBuildPhase;
			buildActionMask = 2147483647;
			files = (
				8D5B49B4048680CD000E48DA /* Cocoa.framework in Frameworks */,
				C9E285DD127AAD230082FC48 /* QTKit.framework in Frameworks */,
				C9F64CAC127B9B1A00D8EE9D /* libz.dylib in Frameworks */,
				C95263EC127BFB9A00391FA0 /* QuickTime.framework in Frameworks */,
				C972F52012874FD800F15D7D /* Security.framework in Frameworks */,
				C9416D5C1324361100E0E8FF /* libcrypto.dylib in Frameworks */,
			);
			runOnlyForDeploymentPostprocessing = 0;
		};
/* End PBXFrameworksBuildPhase section */

/* Begin PBXGroup section */
		089C166AFE841209C02AAC07 /* MatteiPhotoExport */ = {
			isa = PBXGroup;
			children = (
				C9E677A70D97413300B4A76D /* Docs */,
				C99974700D135CD30086DF84 /* gsoap */,
				C9A72B380CF8D87E0019950D /* SDK Interface */,
				08FB77AFFE84173DC02AAC07 /* Classes */,
				32C88E010371C26100C91783 /* Other Sources */,
				C9F64C8D127B9AA100D8EE9D /* ZipFile-OC */,
				089C167CFE841241C02AAC07 /* Resources */,
				089C1671FE841209C02AAC07 /* Frameworks and Libraries */,
				19C28FB8FE9D52D311CA2CBB /* Products */,
			);
			name = MatteiPhotoExport;
			sourceTree = "<group>";
		};
		089C1671FE841209C02AAC07 /* Frameworks and Libraries */ = {
			isa = PBXGroup;
			children = (
				1058C7ACFEA557BF11CA2CBB /* Linked Frameworks */,
				1058C7AEFEA557BF11CA2CBB /* Other Frameworks */,
			);
			name = "Frameworks and Libraries";
			sourceTree = "<group>";
		};
		089C167CFE841241C02AAC07 /* Resources */ = {
			isa = PBXGroup;
			children = (
				C9A72B580CF8DD060019950D /* Panel.nib */,
				8D5B49B7048680CD000E48DA /* Info.plist */,
				089C167DFE841241C02AAC07 /* InfoPlist.strings */,
			);
			name = Resources;
			sourceTree = "<group>";
		};
		08FB77AFFE84173DC02AAC07 /* Classes */ = {
			isa = PBXGroup;
			children = (
				C939449313257F2600A40185 /* gSoap (unused) */,
				C939448413257E3B00A40185 /* SOAP */,
				C939448513257E6400A40185 /* Support */,
				C9A624C20D8EF04500418EEB /* CollectionExport.h */,
				C9A624C30D8EF04500418EEB /* CollectionExport.m */,
				C9B39DBD127E272F00044A13 /* Constants.h */,
				C9B39AE9127E027C00044A13 /* MatteExportContext.h */,
				C9B39AEA127E027C00044A13 /* MatteExportContext.m */,
				C9A72B340CF8D86A0019950D /* MatteExportController.h */,
				C9A72B350CF8D86A0019950D /* MatteExportController.m */,
				C9A72B310CF8D8490019950D /* MatteExportPluginBox.h */,
				C9A72B320CF8D8490019950D /* MatteExportPluginBox.m */,
				C9F64CEA127B9F2D00D8EE9D /* MatteExportSettings.h */,
				C9F64CEB127B9F2D00D8EE9D /* MatteExportSettings.m */,
			);
			name = Classes;
			sourceTree = "<group>";
		};
		1058C7ACFEA557BF11CA2CBB /* Linked Frameworks */ = {
			isa = PBXGroup;
			children = (
				1058C7ADFEA557BF11CA2CBB /* Cocoa.framework */,
				C9E285DC127AAD230082FC48 /* QTKit.framework */,
				C95263EB127BFB9A00391FA0 /* QuickTime.framework */,
				C972F51F12874FD800F15D7D /* Security.framework */,
				C9416D5B1324361100E0E8FF /* libcrypto.dylib */,
				C9F64CAB127B9B1A00D8EE9D /* libz.dylib */,
			);
			name = "Linked Frameworks";
			sourceTree = "<group>";
		};
		1058C7AEFEA557BF11CA2CBB /* Other Frameworks */ = {
			isa = PBXGroup;
			children = (
				089C167FFE841241C02AAC07 /* AppKit.framework */,
				D2F7E65807B2D6F200F64583 /* CoreData.framework */,
				089C1672FE841209C02AAC07 /* Foundation.framework */,
			);
			name = "Other Frameworks";
			sourceTree = "<group>";
		};
		19C28FB8FE9D52D311CA2CBB /* Products */ = {
			isa = PBXGroup;
			children = (
				8D5B49B6048680CD000E48DA /* MatteiPhotoExport.iPhotoExporter */,
			);
			name = Products;
			sourceTree = "<group>";
		};
		32C88E010371C26100C91783 /* Other Sources */ = {
			isa = PBXGroup;
			children = (
				C99974CF0D135D280086DF84 /* core.xsd */,
				C99974D00D135D280086DF84 /* domain.xsd */,
				C99974D10D135D280086DF84 /* import.xsd */,
				C99974D30D135D280086DF84 /* matte.wsdl */,
				C99974D80D135D280086DF84 /* ui.xsd */,
				C99974D90D135D280086DF84 /* ws.xsd */,
				32DBCF630370AF2F00C91783 /* MatteiPhotoExport_Prefix.pch */,
			);
			name = "Other Sources";
			sourceTree = "<group>";
		};
		C939448413257E3B00A40185 /* SOAP */ = {
			isa = PBXGroup;
			children = (
				C9F254321283E8750071BA83 /* AddMediaRequest.h */,
				C9F254331283E8750071BA83 /* AddMediaRequest.m */,
				C932409512867EDF008260D7 /* GetCollectionListRequest.h */,
				C932409612867EDF008260D7 /* GetCollectionListRequest.m */,
				C9416E23132462CD00E0E8FF /* PreformattedMessage.h */,
				C9416E24132462CD00E0E8FF /* PreformattedMessage.m */,
				C9F253DF1283D8F40071BA83 /* SoapMessage.h */,
				C9F253E01283D8F40071BA83 /* SoapMessage.m */,
				C9F254861283F1580071BA83 /* SoapURLConnection.h */,
				C9F254871283F1580071BA83 /* SoapURLConnection.m */,
			);
			name = SOAP;
			sourceTree = "<group>";
		};
		C939448513257E6400A40185 /* Support */ = {
			isa = PBXGroup;
			children = (
				C941708A1324CE3B00E0E8FF /* ConcatenatingInputStream.h */,
				C941708B1324CE3B00E0E8FF /* ConcatenatingInputStream.m */,
				C972F4F812874B6E00F15D7D /* KeychainUtils.h */,
				C972F4F912874B6E00F15D7D /* KeychainUtils.m */,
				C9416F0013247B6700E0E8FF /* NSFileManager+Utilities.h */,
				C9416F0113247B6700E0E8FF /* NSFileManager+Utilities.m */,
				C956149612878D450047F087 /* NSString+Digest.h */,
				C956149712878D450047F087 /* NSString+Digest.m */,
			);
			name = Support;
			sourceTree = "<group>";
		};
		C939449313257F2600A40185 /* gSoap (unused) */ = {
			isa = PBXGroup;
			children = (
				C99974D20D135D280086DF84 /* Makefile */,
				C99974D70D135D280086DF84 /* typemap.dat */,
				C90CA1790D1496E300224FBC /* soapC.c */,
				C90CA17A0D1496E300224FBC /* soapClient.c */,
				C90CA17C0D1496E300224FBC /* soapH.h */,
				C99974D40D135D280086DF84 /* MatteService.c */,
				C99974D50D135D280086DF84 /* MatteSoapBinding.nsmap */,
				C99974D60D135D280086DF84 /* soapMatteSoapBindingService.h */,
				C99974650D135A900086DF84 /* MatteService.h */,
			);
			name = "gSoap (unused)";
			sourceTree = "<group>";
		};
		C99974700D135CD30086DF84 /* gsoap */ = {
			isa = PBXGroup;
			children = (
				C99974710D135CD30086DF84 /* dom.c */,
				C99974720D135CD30086DF84 /* import */,
				C99974920D135CD30086DF84 /* plugin */,
				C99974B60D135CD30086DF84 /* stdsoap2.c */,
				C99974B70D135CD30086DF84 /* stdsoap2.h */,
			);
			path = gsoap;
			sourceTree = "<group>";
		};
		C99974720D135CD30086DF84 /* import */ = {
			isa = PBXGroup;
			children = (
				C99974730D135CD30086DF84 /* c14n.h */,
				C99974740D135CD30086DF84 /* dom.h */,
				C99974750D135CD30086DF84 /* ds.h */,
				C99974760D135CD30086DF84 /* ds2.h */,
				C99974770D135CD30086DF84 /* README.txt */,
				C99974780D135CD30086DF84 /* soap12.h */,
				C99974790D135CD30086DF84 /* stl.h */,
				C999747A0D135CD30086DF84 /* stldeque.h */,
				C999747B0D135CD30086DF84 /* stllist.h */,
				C999747C0D135CD30086DF84 /* stlset.h */,
				C999747D0D135CD30086DF84 /* stlvector.h */,
				C99974800D135CD30086DF84 /* WS-Header.h */,
				C99974810D135CD30086DF84 /* wsa.h */,
				C99974820D135CD30086DF84 /* wsa3.h */,
				C99974830D135CD30086DF84 /* wsa4.h */,
				C99974840D135CD30086DF84 /* wsa5.h */,
				C99974850D135CD30086DF84 /* wsp.h */,
				C99974860D135CD30086DF84 /* wsrp.h */,
				C99974870D135CD30086DF84 /* wsse.h */,
				C99974880D135CD30086DF84 /* wsse2.h */,
				C99974890D135CD30086DF84 /* wsu.h */,
				C999748A0D135CD30086DF84 /* xlink.h */,
				C999748B0D135CD30086DF84 /* xmime.h */,
				C999748C0D135CD30086DF84 /* xmime4.h */,
				C999748D0D135CD30086DF84 /* xmime5.h */,
				C999748E0D135CD30086DF84 /* xml.h */,
				C999748F0D135CD30086DF84 /* xmlmime.h */,
				C99974900D135CD30086DF84 /* xmlmime5.h */,
				C99974910D135CD30086DF84 /* xop.h */,
			);
			path = import;
			sourceTree = "<group>";
		};
		C99974920D135CD30086DF84 /* plugin */ = {
			isa = PBXGroup;
			children = (
				C90CA1B30D149DD100224FBC /* threads.c */,
				C90CA1B40D149DD100224FBC /* threads.h */,
				C99974930D135CD30086DF84 /* cacerts.c */,
				C99974940D135CD30086DF84 /* cacerts.h */,
				C99974950D135CD30086DF84 /* httpda.c */,
				C99974960D135CD30086DF84 /* httpda.h */,
				C99974990D135CD30086DF84 /* httpform.c */,
				C999749A0D135CD30086DF84 /* httpform.h */,
				C999749B0D135CD30086DF84 /* httpget.c */,
				C999749C0D135CD30086DF84 /* httpget.h */,
				C999749D0D135CD30086DF84 /* httpgettest.c */,
				C999749E0D135CD30086DF84 /* httpgettest.h */,
				C999749F0D135CD30086DF84 /* httpmd5.c */,
				C99974A00D135CD30086DF84 /* httpmd5.h */,
				C99974A30D135CD30086DF84 /* httppost.c */,
				C99974A40D135CD30086DF84 /* httppost.h */,
				C99974A50D135CD30086DF84 /* logging.c */,
				C99974A60D135CD30086DF84 /* logging.h */,
				C99974A70D135CD30086DF84 /* md5evp.c */,
				C99974A80D135CD30086DF84 /* md5evp.h */,
				C99974AB0D135CD30086DF84 /* README.txt */,
				C99974AC0D135CD30086DF84 /* smdevp.c */,
				C99974AD0D135CD30086DF84 /* smdevp.h */,
				C99974B40D135CD30086DF84 /* wsseapi.c */,
				C99974B50D135CD30086DF84 /* wsseapi.h */,
			);
			path = plugin;
			sourceTree = "<group>";
		};
		C9A72B380CF8D87E0019950D /* SDK Interface */ = {
			isa = PBXGroup;
			children = (
				C9A72B3C0CF8D8E00019950D /* ExportImageProtocol.h */,
				C9A72B3D0CF8D8E00019950D /* ExportPluginBoxProtocol.h */,
				C9A72B3E0CF8D8E00019950D /* ExportPluginProtocol.h */,
			);
			name = "SDK Interface";
			sourceTree = "<group>";
		};
		C9E677A70D97413300B4A76D /* Docs */ = {
			isa = PBXGroup;
			children = (
				C9B39E6E127E620200044A13 /* README.pages */,
			);
			name = Docs;
			sourceTree = "<group>";
		};
		C9F64C8D127B9AA100D8EE9D /* ZipFile-OC */ = {
			isa = PBXGroup;
			children = (
				C9F64C8E127B9AA100D8EE9D /* minizip */,
				C9F64C99127B9AA100D8EE9D /* ZipArchive.h */,
				C9F64C9A127B9AA100D8EE9D /* ZipArchive.mm */,
			);
			name = "ZipFile-OC";
			path = "Source/ZipFile-OC";
			sourceTree = "<group>";
		};
		C9F64C8E127B9AA100D8EE9D /* minizip */ = {
			isa = PBXGroup;
			children = (
				C9F64C8F127B9AA100D8EE9D /* crypt.h */,
				C9F64C90127B9AA100D8EE9D /* ioapi.c */,
				C9F64C91127B9AA100D8EE9D /* ioapi.h */,
				C9F64C92127B9AA100D8EE9D /* mztools.c */,
				C9F64C93127B9AA100D8EE9D /* mztools.h */,
				C9F64C94127B9AA100D8EE9D /* unzip.c */,
				C9F64C95127B9AA100D8EE9D /* unzip.h */,
				C9F64C96127B9AA100D8EE9D /* zconf.h */,
				C9F64C97127B9AA100D8EE9D /* zip.c */,
				C9F64C98127B9AA100D8EE9D /* zip.h */,
			);
			path = minizip;
			sourceTree = "<group>";
		};
/* End PBXGroup section */

/* Begin PBXNativeTarget section */
		8D5B49AC048680CD000E48DA /* MatteiPhotoExport */ = {
			isa = PBXNativeTarget;
			buildConfigurationList = 1DEB913A08733D840010E9CD /* Build configuration list for PBXNativeTarget "MatteiPhotoExport" */;
			buildPhases = (
				8D5B49AF048680CD000E48DA /* Resources */,
				8D5B49B1048680CD000E48DA /* Sources */,
				8D5B49B3048680CD000E48DA /* Frameworks */,
			);
			buildRules = (
			);
			dependencies = (
			);
			name = MatteiPhotoExport;
			productInstallPath = "$(HOME)/Library/Bundles";
			productName = MatteiPhotoExport;
			productReference = 8D5B49B6048680CD000E48DA /* MatteiPhotoExport.iPhotoExporter */;
			productType = "com.apple.product-type.bundle";
		};
/* End PBXNativeTarget section */

/* Begin PBXProject section */
		089C1669FE841209C02AAC07 /* Project object */ = {
			isa = PBXProject;
			buildConfigurationList = 1DEB913E08733D840010E9CD /* Build configuration list for PBXProject "MatteiPhotoExport" */;
			compatibilityVersion = "Xcode 3.0";
			developmentRegion = English;
			hasScannedForEncodings = 1;
			knownRegions = (
				English,
				Japanese,
				French,
				German,
			);
			mainGroup = 089C166AFE841209C02AAC07 /* MatteiPhotoExport */;
			projectDirPath = "";
			projectRoot = "";
			targets = (
				8D5B49AC048680CD000E48DA /* MatteiPhotoExport */,
			);
		};
/* End PBXProject section */

/* Begin PBXResourcesBuildPhase section */
		8D5B49AF048680CD000E48DA /* Resources */ = {
			isa = PBXResourcesBuildPhase;
			buildActionMask = 2147483647;
			files = (
				8D5B49B0048680CD000E48DA /* InfoPlist.strings in Resources */,
				C9A72B5A0CF8DD060019950D /* Panel.nib in Resources */,
				C9FD417E0D8CB785002CB43D /* MatteSoapBinding.nsmap in Resources */,
				C9B39E6F127E620200044A13 /* README.pages in Resources */,
			);
			runOnlyForDeploymentPostprocessing = 0;
		};
/* End PBXResourcesBuildPhase section */

/* Begin PBXSourcesBuildPhase section */
		8D5B49B1048680CD000E48DA /* Sources */ = {
			isa = PBXSourcesBuildPhase;
			buildActionMask = 2147483647;
			files = (
				C9A72B330CF8D8490019950D /* MatteExportPluginBox.m in Sources */,
				C9A72B360CF8D86A0019950D /* MatteExportController.m in Sources */,
				C9A624C40D8EF04500418EEB /* CollectionExport.m in Sources */,
				C9F64C9B127B9AA100D8EE9D /* ioapi.c in Sources */,
				C9F64C9C127B9AA100D8EE9D /* mztools.c in Sources */,
				C9F64C9D127B9AA100D8EE9D /* unzip.c in Sources */,
				C9F64C9E127B9AA100D8EE9D /* zip.c in Sources */,
				C9F64C9F127B9AA100D8EE9D /* ZipArchive.mm in Sources */,
				C9F64CEC127B9F2D00D8EE9D /* MatteExportSettings.m in Sources */,
				C9B39AEB127E027C00044A13 /* MatteExportContext.m in Sources */,
				C9F253E11283D8F40071BA83 /* SoapMessage.m in Sources */,
				C9F254341283E8750071BA83 /* AddMediaRequest.m in Sources */,
				C9F254881283F1580071BA83 /* SoapURLConnection.m in Sources */,
				C932409712867EDF008260D7 /* GetCollectionListRequest.m in Sources */,
				C972F4FA12874B6E00F15D7D /* KeychainUtils.m in Sources */,
				C956149812878D450047F087 /* NSString+Digest.m in Sources */,
				C9416E25132462CD00E0E8FF /* PreformattedMessage.m in Sources */,
				C9416F0213247B6700E0E8FF /* NSFileManager+Utilities.m in Sources */,
				C941708C1324CE3B00E0E8FF /* ConcatenatingInputStream.m in Sources */,
			);
			runOnlyForDeploymentPostprocessing = 0;
		};
/* End PBXSourcesBuildPhase section */

/* Begin PBXVariantGroup section */
		089C167DFE841241C02AAC07 /* InfoPlist.strings */ = {
			isa = PBXVariantGroup;
			children = (
				089C167EFE841241C02AAC07 /* InfoPlist.strings */,
			);
			name = InfoPlist.strings;
			path = Resources/English.lproj;
			sourceTree = "<group>";
		};
		C9A72B580CF8DD060019950D /* Panel.nib */ = {
			isa = PBXVariantGroup;
			children = (
				C9A72B590CF8DD060019950D /* English */,
			);
			name = Panel.nib;
			sourceTree = "<group>";
		};
/* End PBXVariantGroup section */

/* Begin XCBuildConfiguration section */
		1DEB913B08733D840010E9CD /* Debug */ = {
			isa = XCBuildConfiguration;
			buildSettings = {
				COPY_PHASE_STRIP = NO;
				DEPLOYMENT_LOCATION = YES;
				DSTROOT = /;
				GCC_DYNAMIC_NO_PIC = NO;
				GCC_ENABLE_FIX_AND_CONTINUE = YES;
				GCC_MODEL_TUNING = G5;
				GCC_OPTIMIZATION_LEVEL = 0;
				GCC_PRECOMPILE_PREFIX_HEADER = YES;
				GCC_PREFIX_HEADER = MatteiPhotoExport_Prefix.pch;
				HEADER_SEARCH_PATHS = "$(PROJECT_DIR)/gsoap/**";
				INFOPLIST_FILE = Info.plist;
				INSTALL_PATH = "$(HOME)/Library/Application Support/iPhoto/Plugins/";
				OTHER_CFLAGS = (
					"-DWITH_DOM",
					"-DWITH_OPENSSL",
					"-lcrypto",
					"-lssl",
				);
				OTHER_LDFLAGS = (
					"-lcrypto",
					"-lssl",
				);
				PRODUCT_NAME = MatteiPhotoExport;
				WRAPPER_EXTENSION = iPhotoExporter;
				ZERO_LINK = YES;
			};
			name = Debug;
		};
		1DEB913C08733D840010E9CD /* Release */ = {
			isa = XCBuildConfiguration;
			buildSettings = {
				DEBUG_INFORMATION_FORMAT = "dwarf-with-dsym";
				DEPLOYMENT_LOCATION = YES;
				DSTROOT = "${PROJECT_DIR}";
				GCC_MODEL_TUNING = G5;
				GCC_PRECOMPILE_PREFIX_HEADER = YES;
				GCC_PREFIX_HEADER = MatteiPhotoExport_Prefix.pch;
				HEADER_SEARCH_PATHS = "$(PROJECT_DIR)/gsoap/**";
				INFOPLIST_FILE = Info.plist;
				INSTALL_PATH = /dist/;
				OTHER_CFLAGS = (
					"-DWITH_DOM",
					"-DWITH_OPENSSL",
					"-lcrypto",
					"-lssl",
				);
				OTHER_LDFLAGS = (
					"-lcrypto",
					"-lssl",
				);
				PRODUCT_NAME = MatteiPhotoExport;
				WRAPPER_EXTENSION = iPhotoExporter;
			};
			name = Release;
		};
		1DEB913F08733D840010E9CD /* Debug */ = {
			isa = XCBuildConfiguration;
			buildSettings = {
				GCC_PREPROCESSOR_DEFINITIONS = "DEBUG=1";
				GCC_WARN_ABOUT_RETURN_TYPE = YES;
				GCC_WARN_UNUSED_VARIABLE = YES;
				PREBINDING = NO;
				RUN_CLANG_STATIC_ANALYZER = NO;
				SDKROOT = "$(DEVELOPER_SDK_DIR)/MacOSX10.6.sdk";
			};
			name = Debug;
		};
		1DEB914008733D840010E9CD /* Release */ = {
			isa = XCBuildConfiguration;
			buildSettings = {
				ARCHS = (
					ppc,
					i386,
				);
				GCC_WARN_ABOUT_RETURN_TYPE = YES;
				GCC_WARN_UNUSED_VARIABLE = YES;
				PREBINDING = NO;
				RUN_CLANG_STATIC_ANALYZER = NO;
				SDKROOT = "$(DEVELOPER_SDK_DIR)/MacOSX10.6.sdk";
			};
			name = Release;
		};
/* End XCBuildConfiguration section */

/* Begin XCConfigurationList section */
		1DEB913A08733D840010E9CD /* Build configuration list for PBXNativeTarget "MatteiPhotoExport" */ = {
			isa = XCConfigurationList;
			buildConfigurations = (
				1DEB913B08733D840010E9CD /* Debug */,
				1DEB913C08733D840010E9CD /* Release */,
			);
			defaultConfigurationIsVisible = 0;
			defaultConfigurationName = Release;
		};
		1DEB913E08733D840010E9CD /* Build configuration list for PBXProject "MatteiPhotoExport" */ = {
			isa = XCConfigurationList;
			buildConfigurations = (
				1DEB913F08733D840010E9CD /* Debug */,
				1DEB914008733D840010E9CD /* Release */,
			);
			defaultConfigurationIsVisible = 0;
			defaultConfigurationName = Release;
		};
/* End XCConfigurationList section */
	};
	rootObject = 089C1669FE841209C02AAC07 /* Project object */;
}
